
Microsoft Visual Studio Solution File, Format Version 12.00
# Visual Studio Version 17
VisualStudioVersion = 17.7.34202.233
MinimumVisualStudioVersion = 10.0.40219.1
Project("{FAE04EC0-301F-11D3-BF4B-00C04F79EFBC}") = "WebSiteAutoParts", "WebSiteAutoParts\WebSiteAutoParts.csproj", "{EDAA50A5-D0C5-43DA-9C04-ED09BE176CB8}"
EndProject
Global
	GlobalSection(SolutionConfigurationPlatforms) = preSolution
		Debug|Any CPU = Debug|Any CPU
		Release|Any CPU = Release|Any CPU
	EndGlobalSection
	GlobalSection(ProjectConfigurationPlatforms) = postSolution
		{EDAA50A5-D0C5-43DA-9C04-ED09BE176CB8}.Debug|Any CPU.ActiveCfg = Debug|Any CPU
		{EDAA50A5-D0C5-43DA-9C04-ED09BE176CB8}.Debug|Any CPU.Build.0 = Debug|Any CPU
		{EDAA50A5-D0C5-43DA-9C04-ED09BE176CB8}.Release|Any CPU.ActiveCfg = Release|Any CPU
		{EDAA50A5-D0C5-43DA-9C04-ED09BE176CB8}.Release|Any CPU.Build.0 = Release|Any CPU
	EndGlobalSection
	GlobalSection(SolutionProperties) = preSolution
		HideSolutionNode = FALSE
	EndGlobalSection
	GlobalSection(ExtensibilityGlobals) = postSolution
		SolutionGuid = {7D4954DB-21EF-43C8-B58B-759AABFEB176}
	EndGlobalSection
EndGlobal
